
Microsoft Visual Studio Solution File, Format Version 12.00
# Visual Studio Version 17
VisualStudioVersion = 17.8.34322.80
MinimumVisualStudioVersion = 10.0.40219.1
Project("{9A19103F-16F7-4668-BE54-9A1E7A4F7556}") = "TheaTechEComAPI", "TheaTechEComAPI\TheaTechEComAPI.csproj", "{9239A66E-BC3D-47A3-82C0-A514E0D5FEC0}"
EndProject
Project("{9A19103F-16F7-4668-BE54-9A1E7A4F7556}") = "BLL", "BLL\BLL.csproj", "{BA31EA26-D328-4FA3-8FAE-7D8878580FCE}"
EndProject
Project("{2150E333-8FDC-42A3-9474-1A3956D46DE8}") = "Documents", "Documents", "{258CDE6B-7F8F-4EA8-B053-DC84364C8C2C}"
	ProjectSection(SolutionItems) = preProject
		..\..\..\OneDrive\Desktop\Guide.txt = ..\..\..\OneDrive\Desktop\Guide.txt
	EndProjectSection
EndProject
Project("{2150E333-8FDC-42A3-9474-1A3956D46DE8}") = "Core", "Core", "{363E9489-CA47-437B-88BF-F64D9B85B37F}"
EndProject
Project("{2150E333-8FDC-42A3-9474-1A3956D46DE8}") = "Presentation", "Presentation", "{7B8393F1-835C-4CF5-BDD3-D36F85FA3B85}"
EndProject
Project("{2150E333-8FDC-42A3-9474-1A3956D46DE8}") = "Src", "Src", "{22CB868B-D892-47E4-A89D-504449F8AAE6}"
EndProject
Project("{2150E333-8FDC-42A3-9474-1A3956D46DE8}") = "Common", "Common", "{784F15A1-01F9-4F1A-B462-B1D7CEECCA29}"
EndProject
Project("{2150E333-8FDC-42A3-9474-1A3956D46DE8}") = "Infrastructure", "Infrastructure", "{0B23B1E9-E57B-4058-9410-01B3FA9E2728}"
EndProject
Project("{9A19103F-16F7-4668-BE54-9A1E7A4F7556}") = "DAL", "DAL\DAL.csproj", "{A6D3B95C-5B69-4518-9E48-3FCC22217C5A}"
EndProject
Project("{9A19103F-16F7-4668-BE54-9A1E7A4F7556}") = "Entities", "Entities\Entities.csproj", "{744691BC-8CF7-4CAA-AF8B-4A8369BF710E}"
EndProject
Project("{9A19103F-16F7-4668-BE54-9A1E7A4F7556}") = "ServiceResult", "ServiceResult\ServiceResult.csproj", "{A72CCE53-BECC-46E9-BA9E-B08678170FDE}"
EndProject
Global
	GlobalSection(SolutionConfigurationPlatforms) = preSolution
		Debug|Any CPU = Debug|Any CPU
		Release|Any CPU = Release|Any CPU
	EndGlobalSection
	GlobalSection(ProjectConfigurationPlatforms) = postSolution
		{9239A66E-BC3D-47A3-82C0-A514E0D5FEC0}.Debug|Any CPU.ActiveCfg = Debug|Any CPU
		{9239A66E-BC3D-47A3-82C0-A514E0D5FEC0}.Debug|Any CPU.Build.0 = Debug|Any CPU
		{9239A66E-BC3D-47A3-82C0-A514E0D5FEC0}.Release|Any CPU.ActiveCfg = Release|Any CPU
		{9239A66E-BC3D-47A3-82C0-A514E0D5FEC0}.Release|Any CPU.Build.0 = Release|Any CPU
		{BA31EA26-D328-4FA3-8FAE-7D8878580FCE}.Debug|Any CPU.ActiveCfg = Debug|Any CPU
		{BA31EA26-D328-4FA3-8FAE-7D8878580FCE}.Debug|Any CPU.Build.0 = Debug|Any CPU
		{BA31EA26-D328-4FA3-8FAE-7D8878580FCE}.Release|Any CPU.ActiveCfg = Release|Any CPU
		{BA31EA26-D328-4FA3-8FAE-7D8878580FCE}.Release|Any CPU.Build.0 = Release|Any CPU
		{A6D3B95C-5B69-4518-9E48-3FCC22217C5A}.Debug|Any CPU.ActiveCfg = Debug|Any CPU
		{A6D3B95C-5B69-4518-9E48-3FCC22217C5A}.Debug|Any CPU.Build.0 = Debug|Any CPU
		{A6D3B95C-5B69-4518-9E48-3FCC22217C5A}.Release|Any CPU.ActiveCfg = Release|Any CPU
		{A6D3B95C-5B69-4518-9E48-3FCC22217C5A}.Release|Any CPU.Build.0 = Release|Any CPU
		{744691BC-8CF7-4CAA-AF8B-4A8369BF710E}.Debug|Any CPU.ActiveCfg = Debug|Any CPU
		{744691BC-8CF7-4CAA-AF8B-4A8369BF710E}.Debug|Any CPU.Build.0 = Debug|Any CPU
		{744691BC-8CF7-4CAA-AF8B-4A8369BF710E}.Release|Any CPU.ActiveCfg = Release|Any CPU
		{744691BC-8CF7-4CAA-AF8B-4A8369BF710E}.Release|Any CPU.Build.0 = Release|Any CPU
		{A72CCE53-BECC-46E9-BA9E-B08678170FDE}.Debug|Any CPU.ActiveCfg = Debug|Any CPU
		{A72CCE53-BECC-46E9-BA9E-B08678170FDE}.Debug|Any CPU.Build.0 = Debug|Any CPU
		{A72CCE53-BECC-46E9-BA9E-B08678170FDE}.Release|Any CPU.ActiveCfg = Release|Any CPU
		{A72CCE53-BECC-46E9-BA9E-B08678170FDE}.Release|Any CPU.Build.0 = Release|Any CPU
	EndGlobalSection
	GlobalSection(SolutionProperties) = preSolution
		HideSolutionNode = FALSE
	EndGlobalSection
	GlobalSection(NestedProjects) = preSolution
		{9239A66E-BC3D-47A3-82C0-A514E0D5FEC0} = {7B8393F1-835C-4CF5-BDD3-D36F85FA3B85}
		{BA31EA26-D328-4FA3-8FAE-7D8878580FCE} = {0B23B1E9-E57B-4058-9410-01B3FA9E2728}
		{363E9489-CA47-437B-88BF-F64D9B85B37F} = {22CB868B-D892-47E4-A89D-504449F8AAE6}
		{7B8393F1-835C-4CF5-BDD3-D36F85FA3B85} = {22CB868B-D892-47E4-A89D-504449F8AAE6}
		{784F15A1-01F9-4F1A-B462-B1D7CEECCA29} = {22CB868B-D892-47E4-A89D-504449F8AAE6}
		{0B23B1E9-E57B-4058-9410-01B3FA9E2728} = {22CB868B-D892-47E4-A89D-504449F8AAE6}
		{A6D3B95C-5B69-4518-9E48-3FCC22217C5A} = {0B23B1E9-E57B-4058-9410-01B3FA9E2728}
		{744691BC-8CF7-4CAA-AF8B-4A8369BF710E} = {363E9489-CA47-437B-88BF-F64D9B85B37F}
		{A72CCE53-BECC-46E9-BA9E-B08678170FDE} = {784F15A1-01F9-4F1A-B462-B1D7CEECCA29}
	EndGlobalSection
	GlobalSection(ExtensibilityGlobals) = postSolution
		SolutionGuid = {6A2B3789-B3AE-4039-BE03-4FE618B99018}
	EndGlobalSection
EndGlobal
